# THIS IS AN AUTOGENERATED FILE. DO NOT EDIT THIS FILE DIRECTLY.
# yarn lockfile v1


svelte-confetti-explosion@^0.2.0:
  version "0.2.0"
  resolved "https://registry.yarnpkg.com/svelte-confetti-explosion/-/svelte-confetti-explosion-0.2.0.tgz#57d70e2e69c7a72d548de6de41ff52137d94e3b3"
  integrity sha512-quwQzRWtyf0MZR113PCIAx8zi3NExkofrDab5YG2pwjIxvqeNEJ9N0OZl2vCszFbisw/nPDeOT7m8vEtzYbdFg==
